[[package]]
category = "main"
description = "Read single characters and key-strokes"
name = "getkey"
optional = false
python-versions = "*"
version = "0.6.5"

[metadata]
content-hash = "8db00f1e44b18e82bdc7c636e7e771d4e8c565c02430532221626fa98b5d425b"
python-versions = "^3.7"

[metadata.hashes]
getkey = ["68c7c702c3b34deacf427f6c0f1fd66c5c2aa12d7801aa32442fc1a71c8ce059"]
